
Microsoft Visual Studio Solution File, Format Version 12.00
Project("{FAE04EC0-301F-11D3-BF4B-00C04F79EFBC}") = "SmsTracker", "SmsTracker\SmsTracker.csproj", "{3136FBE5-0DF9-43B1-BB40-EFA6F45F930D}"
EndProject
Global
	GlobalSection(SolutionConfigurationPlatforms) = preSolution
		Debug|Any CPU = Debug|Any CPU
		Release|Any CPU = Release|Any CPU
	EndGlobalSection
	GlobalSection(ProjectConfigurationPlatforms) = postSolution
		{3136FBE5-0DF9-43B1-BB40-EFA6F45F930D}.Debug|Any CPU.ActiveCfg = Debug|Any CPU
		{3136FBE5-0DF9-43B1-BB40-EFA6F45F930D}.Debug|Any CPU.Build.0 = Debug|Any CPU
		{3136FBE5-0DF9-43B1-BB40-EFA6F45F930D}.Release|Any CPU.ActiveCfg = Release|Any CPU
		{3136FBE5-0DF9-43B1-BB40-EFA6F45F930D}.Release|Any CPU.Build.0 = Release|Any CPU
	EndGlobalSection
EndGlobal
